// !$*UTF8*$!
{
	archiveVersion = 1;
	classes = {
	};
	objectVersion = 50;
	objects = {

/* Begin PBXBuildFile section */
		EF4052B02127869700A0AAD9 /* AppDelegate.swift in Sources */ = {isa = PBXBuildFile; fileRef = EF4052AF2127869700A0AAD9 /* AppDelegate.swift */; };
		EF4052B22127869700A0AAD9 /* ViewController.swift in Sources */ = {isa = PBXBuildFile; fileRef = EF4052B12127869700A0AAD9 /* ViewController.swift */; };
		EF4052B52127869700A0AAD9 /* Main.storyboard in Resources */ = {isa = PBXBuildFile; fileRef = EF4052B32127869700A0AAD9 /* Main.storyboard */; };
		EF4052B72127869900A0AAD9 /* Assets.xcassets in Resources */ = {isa = PBXBuildFile; fileRef = EF4052B62127869900A0AAD9 /* Assets.xcassets */; };
		EF4052BA2127869900A0AAD9 /* LaunchScreen.storyboard in Resources */ = {isa = PBXBuildFile; fileRef = EF4052B82127869900A0AAD9 /* LaunchScreen.storyboard */; };
		EF4052C52127876400A0AAD9 /* EventKit.framework in Frameworks */ = {isa = PBXBuildFile; fileRef = EF4052C42127876400A0AAD9 /* EventKit.framework */; };
		EF4052C621278A0600A0AAD9 /* DayScheduleView.framework in Frameworks */ = {isa = PBXBuildFile; fileRef = EF4052C2212786B400A0AAD9 /* DayScheduleView.framework */; };
		EF4052C821278A1800A0AAD9 /* DayScheduleView.framework in Copy Frameworks */ = {isa = PBXBuildFile; fileRef = EF4052C2212786B400A0AAD9 /* DayScheduleView.framework */; settings = {ATTRIBUTES = (CodeSignOnCopy, RemoveHeadersOnCopy, ); }; };
/* End PBXBuildFile section */

/* Begin PBXCopyFilesBuildPhase section */
		EF4052C721278A0B00A0AAD9 /* Copy Frameworks */ = {
			isa = PBXCopyFilesBuildPhase;
			buildActionMask = 2147483647;
			dstPath = "";
			dstSubfolderSpec = 10;
			files = (
				EF4052C821278A1800A0AAD9 /* DayScheduleView.framework in Copy Frameworks */,
			);
			name = "Copy Frameworks";
			runOnlyForDeploymentPostprocessing = 0;
		};
/* End PBXCopyFilesBuildPhase section */

/* Begin PBXFileReference section */
		EF4052AC2127869700A0AAD9 /* DayScheduleViewDemo.app */ = {isa = PBXFileReference; explicitFileType = wrapper.application; includeInIndex = 0; path = DayScheduleViewDemo.app; sourceTree = BUILT_PRODUCTS_DIR; };
		EF4052AF2127869700A0AAD9 /* AppDelegate.swift */ = {isa = PBXFileReference; lastKnownFileType = sourcecode.swift; path = AppDelegate.swift; sourceTree = "<group>"; };
		EF4052B12127869700A0AAD9 /* ViewController.swift */ = {isa = PBXFileReference; lastKnownFileType = sourcecode.swift; path = ViewController.swift; sourceTree = "<group>"; };
		EF4052B42127869700A0AAD9 /* Base */ = {isa = PBXFileReference; lastKnownFileType = file.storyboard; name = Base; path = Base.lproj/Main.storyboard; sourceTree = "<group>"; };
		EF4052B62127869900A0AAD9 /* Assets.xcassets */ = {isa = PBXFileReference; lastKnownFileType = folder.assetcatalog; path = Assets.xcassets; sourceTree = "<group>"; };
		EF4052B92127869900A0AAD9 /* Base */ = {isa = PBXFileReference; lastKnownFileType = file.storyboard; name = Base; path = Base.lproj/LaunchScreen.storyboard; sourceTree = "<group>"; };
		EF4052BB2127869900A0AAD9 /* Info.plist */ = {isa = PBXFileReference; lastKnownFileType = text.plist.xml; path = Info.plist; sourceTree = "<group>"; };
		EF4052C2212786B400A0AAD9 /* DayScheduleView.framework */ = {isa = PBXFileReference; explicitFileType = wrapper.framework; path = DayScheduleView.framework; sourceTree = BUILT_PRODUCTS_DIR; };
		EF4052C42127876400A0AAD9 /* EventKit.framework */ = {isa = PBXFileReference; lastKnownFileType = wrapper.framework; name = EventKit.framework; path = System/Library/Frameworks/EventKit.framework; sourceTree = SDKROOT; };
/* End PBXFileReference section */

/* Begin PBXFrameworksBuildPhase section */
		EF4052A92127869700A0AAD9 /* Frameworks */ = {
			isa = PBXFrameworksBuildPhase;
			buildActionMask = 2147483647;
			files = (
				EF4052C621278A0600A0AAD9 /* DayScheduleView.framework in Frameworks */,
				EF4052C52127876400A0AAD9 /* EventKit.framework in Frameworks */,
			);
			runOnlyForDeploymentPostprocessing = 0;
		};
/* End PBXFrameworksBuildPhase section */

/* Begin PBXGroup section */
		EF4052A32127869700A0AAD9 = {
			isa = PBXGroup;
			children = (
				EF4052AE2127869700A0AAD9 /* DayScheduleViewDemo */,
				EF4052AD2127869700A0AAD9 /* Products */,
				EF4052C1212786B400A0AAD9 /* Frameworks */,
			);
			sourceTree = "<group>";
		};
		EF4052AD2127869700A0AAD9 /* Products */ = {
			isa = PBXGroup;
			children = (
				EF4052AC2127869700A0AAD9 /* DayScheduleViewDemo.app */,
			);
			name = Products;
			sourceTree = "<group>";
		};
		EF4052AE2127869700A0AAD9 /* DayScheduleViewDemo */ = {
			isa = PBXGroup;
			children = (
				EF4052AF2127869700A0AAD9 /* AppDelegate.swift */,
				EF4052B12127869700A0AAD9 /* ViewController.swift */,
				EF4052B32127869700A0AAD9 /* Main.storyboard */,
				EF4052B62127869900A0AAD9 /* Assets.xcassets */,
				EF4052B82127869900A0AAD9 /* LaunchScreen.storyboard */,
				EF4052BB2127869900A0AAD9 /* Info.plist */,
			);
			path = DayScheduleViewDemo;
			sourceTree = "<group>";
		};
		EF4052C1212786B400A0AAD9 /* Frameworks */ = {
			isa = PBXGroup;
			children = (
				EF4052C42127876400A0AAD9 /* EventKit.framework */,
				EF4052C2212786B400A0AAD9 /* DayScheduleView.framework */,
			);
			name = Frameworks;
			sourceTree = "<group>";
		};
/* End PBXGroup section */

/* Begin PBXNativeTarget section */
		EF4052AB2127869700A0AAD9 /* DayScheduleViewDemo */ = {
			isa = PBXNativeTarget;
			buildConfigurationList = EF4052BE2127869900A0AAD9 /* Build configuration list for PBXNativeTarget "DayScheduleViewDemo" */;
			buildPhases = (
				EF4052A82127869700A0AAD9 /* Sources */,
				EF4052A92127869700A0AAD9 /* Frameworks */,
				EF4052AA2127869700A0AAD9 /* Resources */,
				EF4052C721278A0B00A0AAD9 /* Copy Frameworks */,
			);
			buildRules = (
			);
			dependencies = (
			);
			name = DayScheduleViewDemo;
			productName = DayScheduleViewDemo;
			productReference = EF4052AC2127869700A0AAD9 /* DayScheduleViewDemo.app */;
			productType = "com.apple.product-type.application";
		};
/* End PBXNativeTarget section */

/* Begin PBXProject section */
		EF4052A42127869700A0AAD9 /* Project object */ = {
			isa = PBXProject;
			attributes = {
				LastSwiftUpdateCheck = 0940;
				LastUpgradeCheck = 0940;
				ORGANIZATIONNAME = "Naked Software, LLC";
				TargetAttributes = {
					EF4052AB2127869700A0AAD9 = {
						CreatedOnToolsVersion = 9.4.1;
					};
				};
			};
			buildConfigurationList = EF4052A72127869700A0AAD9 /* Build configuration list for PBXProject "DayScheduleViewDemo" */;
			compatibilityVersion = "Xcode 9.3";
			developmentRegion = en;
			hasScannedForEncodings = 0;
			knownRegions = (
				en,
				Base,
			);
			mainGroup = EF4052A32127869700A0AAD9;
			productRefGroup = EF4052AD2127869700A0AAD9 /* Products */;
			projectDirPath = "";
			projectRoot = "";
			targets = (
				EF4052AB2127869700A0AAD9 /* DayScheduleViewDemo */,
			);
		};
/* End PBXProject section */

/* Begin PBXResourcesBuildPhase section */
		EF4052AA2127869700A0AAD9 /* Resources */ = {
			isa = PBXResourcesBuildPhase;
			buildActionMask = 2147483647;
			files = (
				EF4052BA2127869900A0AAD9 /* LaunchScreen.storyboard in Resources */,
				EF4052B72127869900A0AAD9 /* Assets.xcassets in Resources */,
				EF4052B52127869700A0AAD9 /* Main.storyboard in Resources */,
			);
			runOnlyForDeploymentPostprocessing = 0;
		};
/* End PBXResourcesBuildPhase section */

/* Begin PBXSourcesBuildPhase section */
		EF4052A82127869700A0AAD9 /* Sources */ = {
			isa = PBXSourcesBuildPhase;
			buildActionMask = 2147483647;
			files = (
				EF4052B22127869700A0AAD9 /* ViewController.swift in Sources */,
				EF4052B02127869700A0AAD9 /* AppDelegate.swift in Sources */,
			);
			runOnlyForDeploymentPostprocessing = 0;
		};
/* End PBXSourcesBuildPhase section */

/* Begin PBXVariantGroup section */
		EF4052B32127869700A0AAD9 /* Main.storyboard */ = {
			isa = PBXVariantGroup;
			children = (
				EF4052B42127869700A0AAD9 /* Base */,
			);
			name = Main.storyboard;
			sourceTree = "<group>";
		};
		EF4052B82127869900A0AAD9 /* LaunchScreen.storyboard */ = {
			isa = PBXVariantGroup;
			children = (
				EF4052B92127869900A0AAD9 /* Base */,
			);
			name = LaunchScreen.storyboard;
			sourceTree = "<group>";
		};
/* End PBXVariantGroup section */

/* Begin XCBuildConfiguration section */
		EF4052BC2127869900A0AAD9 /* Debug */ = {
			isa = XCBuildConfiguration;
			buildSettings = {
				ALWAYS_SEARCH_USER_PATHS = NO;
				CLANG_ANALYZER_NONNULL = YES;
				CLANG_ANALYZER_NUMBER_OBJECT_CONVERSION = YES_AGGRESSIVE;
				CLANG_CXX_LANGUAGE_STANDARD = "gnu++14";
				CLANG_CXX_LIBRARY = "libc++";
				CLANG_ENABLE_MODULES = YES;
				CLANG_ENABLE_OBJC_ARC = YES;
				CLANG_ENABLE_OBJC_WEAK = YES;
				CLANG_WARN_BLOCK_CAPTURE_AUTORELEASING = YES;
				CLANG_WARN_BOOL_CONVERSION = YES;
				CLANG_WARN_COMMA = YES;
				CLANG_WARN_CONSTANT_CONVERSION = YES;
				CLANG_WARN_DEPRECATED_OBJC_IMPLEMENTATIONS = YES;
				CLANG_WARN_DIRECT_OBJC_ISA_USAGE = YES_ERROR;
				CLANG_WARN_DOCUMENTATION_COMMENTS = YES;
				CLANG_WARN_EMPTY_BODY = YES;
				CLANG_WARN_ENUM_CONVERSION = YES;
				CLANG_WARN_INFINITE_RECURSION = YES;
				CLANG_WARN_INT_CONVERSION = YES;
				CLANG_WARN_NON_LITERAL_NULL_CONVERSION = YES;
				CLANG_WARN_OBJC_IMPLICIT_RETAIN_SELF = YES;
				CLANG_WARN_OBJC_LITERAL_CONVERSION = YES;
				CLANG_WARN_OBJC_ROOT_CLASS = YES_ERROR;
				CLANG_WARN_RANGE_LOOP_ANALYSIS = YES;
				CLANG_WARN_STRICT_PROTOTYPES = YES;
				CLANG_WARN_SUSPICIOUS_MOVE = YES;
				CLANG_WARN_UNGUARDED_AVAILABILITY = YES_AGGRESSIVE;
				CLANG_WARN_UNREACHABLE_CODE = YES;
				CLANG_WARN__DUPLICATE_METHOD_MATCH = YES;
				CODE_SIGN_IDENTITY = "iPhone Developer";
				COPY_PHASE_STRIP = NO;
				DEBUG_INFORMATION_FORMAT = dwarf;
				ENABLE_STRICT_OBJC_MSGSEND = YES;
				ENABLE_TESTABILITY = YES;
				GCC_C_LANGUAGE_STANDARD = gnu11;
				GCC_DYNAMIC_NO_PIC = NO;
				GCC_NO_COMMON_BLOCKS = YES;
				GCC_OPTIMIZATION_LEVEL = 0;
				GCC_PREPROCESSOR_DEFINITIONS = (
					"DEBUG=1",
					"$(inherited)",
				);
				GCC_WARN_64_TO_32_BIT_CONVERSION = YES;
				GCC_WARN_ABOUT_RETURN_TYPE = YES_ERROR;
				GCC_WARN_UNDECLARED_SELECTOR = YES;
				GCC_WARN_UNINITIALIZED_AUTOS = YES_AGGRESSIVE;
				GCC_WARN_UNUSED_FUNCTION = YES;
				GCC_WARN_UNUSED_VARIABLE = YES;
				IPHONEOS_DEPLOYMENT_TARGET = 11.4;
				MTL_ENABLE_DEBUG_INFO = YES;
				ONLY_ACTIVE_ARCH = YES;
				SDKROOT = iphoneos;
				SWIFT_ACTIVE_COMPILATION_CONDITIONS = DEBUG;
				SWIFT_OPTIMIZATION_LEVEL = "-Onone";
			};
			name = Debug;
		};
		EF4052BD2127869900A0AAD9 /* Release */ = {
			isa = XCBuildConfiguration;
			buildSettings = {
				ALWAYS_SEARCH_USER_PATHS = NO;
				CLANG_ANALYZER_NONNULL = YES;
				CLANG_ANALYZER_NUMBER_OBJECT_CONVERSION = YES_AGGRESSIVE;
				CLANG_CXX_LANGUAGE_STANDARD = "gnu++14";
				CLANG_CXX_LIBRARY = "libc++";
				CLANG_ENABLE_MODULES = YES;
				CLANG_ENABLE_OBJC_ARC = YES;
				CLANG_ENABLE_OBJC_WEAK = YES;
				CLANG_WARN_BLOCK_CAPTURE_AUTORELEASING = YES;
				CLANG_WARN_BOOL_CONVERSION = YES;
				CLANG_WARN_COMMA = YES;
				CLANG_WARN_CONSTANT_CONVERSION = YES;
				CLANG_WARN_DEPRECATED_OBJC_IMPLEMENTATIONS = YES;
				CLANG_WARN_DIRECT_OBJC_ISA_USAGE = YES_ERROR;
				CLANG_WARN_DOCUMENTATION_COMMENTS = YES;
				CLANG_WARN_EMPTY_BODY = YES;
				CLANG_WARN_ENUM_CONVERSION = YES;
				CLANG_WARN_INFINITE_RECURSION = YES;
				CLANG_WARN_INT_CONVERSION = YES;
				CLANG_WARN_NON_LITERAL_NULL_CONVERSION = YES;
				CLANG_WARN_OBJC_IMPLICIT_RETAIN_SELF = YES;
				CLANG_WARN_OBJC_LITERAL_CONVERSION = YES;
				CLANG_WARN_OBJC_ROOT_CLASS = YES_ERROR;
				CLANG_WARN_RANGE_LOOP_ANALYSIS = YES;
				CLANG_WARN_STRICT_PROTOTYPES = YES;
				CLANG_WARN_SUSPICIOUS_MOVE = YES;
				CLANG_WARN_UNGUARDED_AVAILABILITY = YES_AGGRESSIVE;
				CLANG_WARN_UNREACHABLE_CODE = YES;
				CLANG_WARN__DUPLICATE_METHOD_MATCH = YES;
				CODE_SIGN_IDENTITY = "iPhone Developer";
				COPY_PHASE_STRIP = NO;
				DEBUG_INFORMATION_FORMAT = "dwarf-with-dsym";
				ENABLE_NS_ASSERTIONS = NO;
				ENABLE_STRICT_OBJC_MSGSEND = YES;
				GCC_C_LANGUAGE_STANDARD = gnu11;
				GCC_NO_COMMON_BLOCKS = YES;
				GCC_WARN_64_TO_32_BIT_CONVERSION = YES;
				GCC_WARN_ABOUT_RETURN_TYPE = YES_ERROR;
				GCC_WARN_UNDECLARED_SELECTOR = YES;
				GCC_WARN_UNINITIALIZED_AUTOS = YES_AGGRESSIVE;
				GCC_WARN_UNUSED_FUNCTION = YES;
				GCC_WARN_UNUSED_VARIABLE = YES;
				IPHONEOS_DEPLOYMENT_TARGET = 11.4;
				MTL_ENABLE_DEBUG_INFO = NO;
				SDKROOT = iphoneos;
				SWIFT_COMPILATION_MODE = wholemodule;
				SWIFT_OPTIMIZATION_LEVEL = "-O";
				VALIDATE_PRODUCT = YES;
			};
			name = Release;
		};
		EF4052BF2127869900A0AAD9 /* Debug */ = {
			isa = XCBuildConfiguration;
			buildSettings = {
				ASSETCATALOG_COMPILER_APPICON_NAME = AppIcon;
				CODE_SIGN_STYLE = Automatic;
				DEVELOPMENT_TEAM = NZXG7K5N83;
				INFOPLIST_FILE = DayScheduleViewDemo/Info.plist;
				LD_RUNPATH_SEARCH_PATHS = (
					"$(inherited)",
					"@executable_path/Frameworks",
				);
				PRODUCT_BUNDLE_IDENTIFIER = software.naked.DayScheduleViewDemo;
				PRODUCT_NAME = "$(TARGET_NAME)";
				SWIFT_VERSION = 4.0;
				TARGETED_DEVICE_FAMILY = "1,2";
			};
			name = Debug;
		};
		EF4052C02127869900A0AAD9 /* Release */ = {
			isa = XCBuildConfiguration;
			buildSettings = {
				ASSETCATALOG_COMPILER_APPICON_NAME = AppIcon;
				CODE_SIGN_STYLE = Automatic;
				DEVELOPMENT_TEAM = NZXG7K5N83;
				INFOPLIST_FILE = DayScheduleViewDemo/Info.plist;
				LD_RUNPATH_SEARCH_PATHS = (
					"$(inherited)",
					"@executable_path/Frameworks",
				);
				PRODUCT_BUNDLE_IDENTIFIER = software.naked.DayScheduleViewDemo;
				PRODUCT_NAME = "$(TARGET_NAME)";
				SWIFT_VERSION = 4.0;
				TARGETED_DEVICE_FAMILY = "1,2";
			};
			name = Release;
		};
/* End XCBuildConfiguration section */

/* Begin XCConfigurationList section */
		EF4052A72127869700A0AAD9 /* Build configuration list for PBXProject "DayScheduleViewDemo" */ = {
			isa = XCConfigurationList;
			buildConfigurations = (
				EF4052BC2127869900A0AAD9 /* Debug */,
				EF4052BD2127869900A0AAD9 /* Release */,
			);
			defaultConfigurationIsVisible = 0;
			defaultConfigurationName = Release;
		};
		EF4052BE2127869900A0AAD9 /* Build configuration list for PBXNativeTarget "DayScheduleViewDemo" */ = {
			isa = XCConfigurationList;
			buildConfigurations = (
				EF4052BF2127869900A0AAD9 /* Debug */,
				EF4052C02127869900A0AAD9 /* Release */,
			);
			defaultConfigurationIsVisible = 0;
			defaultConfigurationName = Release;
		};
/* End XCConfigurationList section */
	};
	rootObject = EF4052A42127869700A0AAD9 /* Project object */;
}
