// !$*UTF8*$!
{
	archiveVersion = 1;
	classes = {
	};
	objectVersion = 50;
	objects = {

/* Begin PBXGroup section */
		EF73BCAB2117FC53001BEBE1 = {
			isa = PBXGroup;
			children = (
			);
			sourceTree = "<group>";
		};
/* End PBXGroup section */

/* Begin PBXProject section */
		EF73BCAC2117FC53001BEBE1 /* Project object */ = {
			isa = PBXProject;
			attributes = {
				LastUpgradeCheck = 0940;
			};
			buildConfigurationList = EF73BCAF2117FC53001BEBE1 /* Build configuration list for PBXProject "DayScheduleView" */;
			compatibilityVersion = "Xcode 9.3";
			developmentRegion = en;
			hasScannedForEncodings = 0;
			knownRegions = (
				en,
			);
			mainGroup = EF73BCAB2117FC53001BEBE1;
			projectDirPath = "";
			projectRoot = "";
			targets = (
			);
		};
/* End PBXProject section */

/* Begin XCBuildConfiguration section */
		EF73BCB02117FC53001BEBE1 /* Debug */ = {
			isa = XCBuildConfiguration;
			buildSettings = {
			};
			name = Debug;
		};
		EF73BCB12117FC53001BEBE1 /* Release */ = {
			isa = XCBuildConfiguration;
			buildSettings = {
			};
			name = Release;
		};
/* End XCBuildConfiguration section */

/* Begin XCConfigurationList section */
		EF73BCAF2117FC53001BEBE1 /* Build configuration list for PBXProject "DayScheduleView" */ = {
			isa = XCConfigurationList;
			buildConfigurations = (
				EF73BCB02117FC53001BEBE1 /* Debug */,
				EF73BCB12117FC53001BEBE1 /* Release */,
			);
			defaultConfigurationIsVisible = 0;
			defaultConfigurationName = Release;
		};
/* End XCConfigurationList section */
	};
	rootObject = EF73BCAC2117FC53001BEBE1 /* Project object */;
}
